
Microsoft Visual Studio Solution File, Format Version 12.00
# Visual Studio 15
VisualStudioVersion = 15.0.27703.2035
MinimumVisualStudioVersion = 10.0.40219.1
Project("{FAE04EC0-301F-11D3-BF4B-00C04F79EFBC}") = "SignalR.Mobile.Android", "SignalR.Mobile\SignalR.Mobile.Android\SignalR.Mobile.Android.csproj", "{720085B1-EA2E-409C-BE5C-47C72EB50360}"
EndProject
Project("{FAE04EC0-301F-11D3-BF4B-00C04F79EFBC}") = "SignalR.Mobile.iOS", "SignalR.Mobile\SignalR.Mobile.iOS\SignalR.Mobile.iOS.csproj", "{4FA16BDA-1504-40DB-86F4-D9333651A9BE}"
EndProject
Project("{FAE04EC0-301F-11D3-BF4B-00C04F79EFBC}") = "SignalR.Mobile", "SignalR.Mobile\SignalR.Mobile\SignalR.Mobile.csproj", "{CC3DEB3F-0C2D-4294-AF2A-671B70749753}"
EndProject
Global
	GlobalSection(SolutionConfigurationPlatforms) = preSolution
		Ad-Hoc|Any CPU = Ad-Hoc|Any CPU
		Ad-Hoc|iPhone = Ad-Hoc|iPhone
		Ad-Hoc|iPhoneSimulator = Ad-Hoc|iPhoneSimulator
		AppStore|Any CPU = AppStore|Any CPU
		AppStore|iPhone = AppStore|iPhone
		AppStore|iPhoneSimulator = AppStore|iPhoneSimulator
		Debug|Any CPU = Debug|Any CPU
		Debug|iPhone = Debug|iPhone
		Debug|iPhoneSimulator = Debug|iPhoneSimulator
		Release|Any CPU = Release|Any CPU
		Release|iPhone = Release|iPhone
		Release|iPhoneSimulator = Release|iPhoneSimulator
	EndGlobalSection
	GlobalSection(ProjectConfigurationPlatforms) = postSolution
		{720085B1-EA2E-409C-BE5C-47C72EB50360}.Ad-Hoc|Any CPU.ActiveCfg = Release|Any CPU
		{720085B1-EA2E-409C-BE5C-47C72EB50360}.Ad-Hoc|Any CPU.Build.0 = Release|Any CPU
		{720085B1-EA2E-409C-BE5C-47C72EB50360}.Ad-Hoc|Any CPU.Deploy.0 = Release|Any CPU
		{720085B1-EA2E-409C-BE5C-47C72EB50360}.Ad-Hoc|iPhone.ActiveCfg = Release|Any CPU
		{720085B1-EA2E-409C-BE5C-47C72EB50360}.Ad-Hoc|iPhone.Build.0 = Release|Any CPU
		{720085B1-EA2E-409C-BE5C-47C72EB50360}.Ad-Hoc|iPhone.Deploy.0 = Release|Any CPU
		{720085B1-EA2E-409C-BE5C-47C72EB50360}.Ad-Hoc|iPhoneSimulator.ActiveCfg = Release|Any CPU
		{720085B1-EA2E-409C-BE5C-47C72EB50360}.Ad-Hoc|iPhoneSimulator.Build.0 = Release|Any CPU
		{720085B1-EA2E-409C-BE5C-47C72EB50360}.Ad-Hoc|iPhoneSimulator.Deploy.0 = Release|Any CPU
		{720085B1-EA2E-409C-BE5C-47C72EB50360}.AppStore|Any CPU.ActiveCfg = Release|Any CPU
		{720085B1-EA2E-409C-BE5C-47C72EB50360}.AppStore|Any CPU.Build.0 = Release|Any CPU
		{720085B1-EA2E-409C-BE5C-47C72EB50360}.AppStore|Any CPU.Deploy.0 = Release|Any CPU
		{720085B1-EA2E-409C-BE5C-47C72EB50360}.AppStore|iPhone.ActiveCfg = Release|Any CPU
		{720085B1-EA2E-409C-BE5C-47C72EB50360}.AppStore|iPhone.Build.0 = Release|Any CPU
		{720085B1-EA2E-409C-BE5C-47C72EB50360}.AppStore|iPhone.Deploy.0 = Release|Any CPU
		{720085B1-EA2E-409C-BE5C-47C72EB50360}.AppStore|iPhoneSimulator.ActiveCfg = Release|Any CPU
		{720085B1-EA2E-409C-BE5C-47C72EB50360}.AppStore|iPhoneSimulator.Build.0 = Release|Any CPU
		{720085B1-EA2E-409C-BE5C-47C72EB50360}.AppStore|iPhoneSimulator.Deploy.0 = Release|Any CPU
		{720085B1-EA2E-409C-BE5C-47C72EB50360}.Debug|Any CPU.ActiveCfg = Debug|Any CPU
		{720085B1-EA2E-409C-BE5C-47C72EB50360}.Debug|Any CPU.Build.0 = Debug|Any CPU
		{720085B1-EA2E-409C-BE5C-47C72EB50360}.Debug|Any CPU.Deploy.0 = Debug|Any CPU
		{720085B1-EA2E-409C-BE5C-47C72EB50360}.Debug|iPhone.ActiveCfg = Debug|Any CPU
		{720085B1-EA2E-409C-BE5C-47C72EB50360}.Debug|iPhone.Build.0 = Debug|Any CPU
		{720085B1-EA2E-409C-BE5C-47C72EB50360}.Debug|iPhone.Deploy.0 = Debug|Any CPU
		{720085B1-EA2E-409C-BE5C-47C72EB50360}.Debug|iPhoneSimulator.ActiveCfg = Debug|Any CPU
		{720085B1-EA2E-409C-BE5C-47C72EB50360}.Debug|iPhoneSimulator.Build.0 = Debug|Any CPU
		{720085B1-EA2E-409C-BE5C-47C72EB50360}.Debug|iPhoneSimulator.Deploy.0 = Debug|Any CPU
		{720085B1-EA2E-409C-BE5C-47C72EB50360}.Release|Any CPU.ActiveCfg = Release|Any CPU
		{720085B1-EA2E-409C-BE5C-47C72EB50360}.Release|Any CPU.Build.0 = Release|Any CPU
		{720085B1-EA2E-409C-BE5C-47C72EB50360}.Release|Any CPU.Deploy.0 = Release|Any CPU
		{720085B1-EA2E-409C-BE5C-47C72EB50360}.Release|iPhone.ActiveCfg = Release|Any CPU
		{720085B1-EA2E-409C-BE5C-47C72EB50360}.Release|iPhone.Build.0 = Release|Any CPU
		{720085B1-EA2E-409C-BE5C-47C72EB50360}.Release|iPhone.Deploy.0 = Release|Any CPU
		{720085B1-EA2E-409C-BE5C-47C72EB50360}.Release|iPhoneSimulator.ActiveCfg = Release|Any CPU
		{720085B1-EA2E-409C-BE5C-47C72EB50360}.Release|iPhoneSimulator.Build.0 = Release|Any CPU
		{720085B1-EA2E-409C-BE5C-47C72EB50360}.Release|iPhoneSimulator.Deploy.0 = Release|Any CPU
		{4FA16BDA-1504-40DB-86F4-D9333651A9BE}.Ad-Hoc|Any CPU.ActiveCfg = Ad-Hoc|iPhone
		{4FA16BDA-1504-40DB-86F4-D9333651A9BE}.Ad-Hoc|Any CPU.Build.0 = Ad-Hoc|iPhone
		{4FA16BDA-1504-40DB-86F4-D9333651A9BE}.Ad-Hoc|Any CPU.Deploy.0 = Ad-Hoc|iPhone
		{4FA16BDA-1504-40DB-86F4-D9333651A9BE}.Ad-Hoc|iPhone.ActiveCfg = Ad-Hoc|iPhone
		{4FA16BDA-1504-40DB-86F4-D9333651A9BE}.Ad-Hoc|iPhone.Build.0 = Ad-Hoc|iPhone
		{4FA16BDA-1504-40DB-86F4-D9333651A9BE}.Ad-Hoc|iPhone.Deploy.0 = Ad-Hoc|iPhone
		{4FA16BDA-1504-40DB-86F4-D9333651A9BE}.Ad-Hoc|iPhoneSimulator.ActiveCfg = Ad-Hoc|iPhoneSimulator
		{4FA16BDA-1504-40DB-86F4-D9333651A9BE}.Ad-Hoc|iPhoneSimulator.Build.0 = Ad-Hoc|iPhoneSimulator
		{4FA16BDA-1504-40DB-86F4-D9333651A9BE}.Ad-Hoc|iPhoneSimulator.Deploy.0 = Ad-Hoc|iPhoneSimulator
		{4FA16BDA-1504-40DB-86F4-D9333651A9BE}.AppStore|Any CPU.ActiveCfg = AppStore|iPhone
		{4FA16BDA-1504-40DB-86F4-D9333651A9BE}.AppStore|Any CPU.Build.0 = AppStore|iPhone
		{4FA16BDA-1504-40DB-86F4-D9333651A9BE}.AppStore|Any CPU.Deploy.0 = AppStore|iPhone
		{4FA16BDA-1504-40DB-86F4-D9333651A9BE}.AppStore|iPhone.ActiveCfg = AppStore|iPhone
		{4FA16BDA-1504-40DB-86F4-D9333651A9BE}.AppStore|iPhone.Build.0 = AppStore|iPhone
		{4FA16BDA-1504-40DB-86F4-D9333651A9BE}.AppStore|iPhone.Deploy.0 = AppStore|iPhone
		{4FA16BDA-1504-40DB-86F4-D9333651A9BE}.AppStore|iPhoneSimulator.ActiveCfg = AppStore|iPhoneSimulator
		{4FA16BDA-1504-40DB-86F4-D9333651A9BE}.AppStore|iPhoneSimulator.Build.0 = AppStore|iPhoneSimulator
		{4FA16BDA-1504-40DB-86F4-D9333651A9BE}.AppStore|iPhoneSimulator.Deploy.0 = AppStore|iPhoneSimulator
		{4FA16BDA-1504-40DB-86F4-D9333651A9BE}.Debug|Any CPU.ActiveCfg = Debug|iPhoneSimulator
		{4FA16BDA-1504-40DB-86F4-D9333651A9BE}.Debug|Any CPU.Build.0 = Debug|iPhoneSimulator
		{4FA16BDA-1504-40DB-86F4-D9333651A9BE}.Debug|Any CPU.Deploy.0 = Debug|iPhoneSimulator
		{4FA16BDA-1504-40DB-86F4-D9333651A9BE}.Debug|iPhone.ActiveCfg = Debug|iPhone
		{4FA16BDA-1504-40DB-86F4-D9333651A9BE}.Debug|iPhone.Build.0 = Debug|iPhone
		{4FA16BDA-1504-40DB-86F4-D9333651A9BE}.Debug|iPhone.Deploy.0 = Debug|iPhone
		{4FA16BDA-1504-40DB-86F4-D9333651A9BE}.Debug|iPhoneSimulator.ActiveCfg = Debug|iPhoneSimulator
		{4FA16BDA-1504-40DB-86F4-D9333651A9BE}.Debug|iPhoneSimulator.Build.0 = Debug|iPhoneSimulator
		{4FA16BDA-1504-40DB-86F4-D9333651A9BE}.Debug|iPhoneSimulator.Deploy.0 = Debug|iPhoneSimulator
		{4FA16BDA-1504-40DB-86F4-D9333651A9BE}.Release|Any CPU.ActiveCfg = Release|iPhone
		{4FA16BDA-1504-40DB-86F4-D9333651A9BE}.Release|Any CPU.Build.0 = Release|iPhone
		{4FA16BDA-1504-40DB-86F4-D9333651A9BE}.Release|Any CPU.Deploy.0 = Release|iPhone
		{4FA16BDA-1504-40DB-86F4-D9333651A9BE}.Release|iPhone.ActiveCfg = Release|iPhone
		{4FA16BDA-1504-40DB-86F4-D9333651A9BE}.Release|iPhone.Build.0 = Release|iPhone
		{4FA16BDA-1504-40DB-86F4-D9333651A9BE}.Release|iPhone.Deploy.0 = Release|iPhone
		{4FA16BDA-1504-40DB-86F4-D9333651A9BE}.Release|iPhoneSimulator.ActiveCfg = Release|iPhoneSimulator
		{4FA16BDA-1504-40DB-86F4-D9333651A9BE}.Release|iPhoneSimulator.Build.0 = Release|iPhoneSimulator
		{4FA16BDA-1504-40DB-86F4-D9333651A9BE}.Release|iPhoneSimulator.Deploy.0 = Release|iPhoneSimulator
		{CC3DEB3F-0C2D-4294-AF2A-671B70749753}.Ad-Hoc|Any CPU.ActiveCfg = Debug|Any CPU
		{CC3DEB3F-0C2D-4294-AF2A-671B70749753}.Ad-Hoc|Any CPU.Build.0 = Debug|Any CPU
		{CC3DEB3F-0C2D-4294-AF2A-671B70749753}.Ad-Hoc|Any CPU.Deploy.0 = Debug|Any CPU
		{CC3DEB3F-0C2D-4294-AF2A-671B70749753}.Ad-Hoc|iPhone.ActiveCfg = Debug|Any CPU
		{CC3DEB3F-0C2D-4294-AF2A-671B70749753}.Ad-Hoc|iPhone.Build.0 = Debug|Any CPU
		{CC3DEB3F-0C2D-4294-AF2A-671B70749753}.Ad-Hoc|iPhone.Deploy.0 = Debug|Any CPU
		{CC3DEB3F-0C2D-4294-AF2A-671B70749753}.Ad-Hoc|iPhoneSimulator.ActiveCfg = Debug|Any CPU
		{CC3DEB3F-0C2D-4294-AF2A-671B70749753}.Ad-Hoc|iPhoneSimulator.Build.0 = Debug|Any CPU
		{CC3DEB3F-0C2D-4294-AF2A-671B70749753}.Ad-Hoc|iPhoneSimulator.Deploy.0 = Debug|Any CPU
		{CC3DEB3F-0C2D-4294-AF2A-671B70749753}.AppStore|Any CPU.ActiveCfg = Debug|Any CPU
		{CC3DEB3F-0C2D-4294-AF2A-671B70749753}.AppStore|Any CPU.Build.0 = Debug|Any CPU
		{CC3DEB3F-0C2D-4294-AF2A-671B70749753}.AppStore|Any CPU.Deploy.0 = Debug|Any CPU
		{CC3DEB3F-0C2D-4294-AF2A-671B70749753}.AppStore|iPhone.ActiveCfg = Debug|Any CPU
		{CC3DEB3F-0C2D-4294-AF2A-671B70749753}.AppStore|iPhone.Build.0 = Debug|Any CPU
		{CC3DEB3F-0C2D-4294-AF2A-671B70749753}.AppStore|iPhone.Deploy.0 = Debug|Any CPU
		{CC3DEB3F-0C2D-4294-AF2A-671B70749753}.AppStore|iPhoneSimulator.ActiveCfg = Debug|Any CPU
		{CC3DEB3F-0C2D-4294-AF2A-671B70749753}.AppStore|iPhoneSimulator.Build.0 = Debug|Any CPU
		{CC3DEB3F-0C2D-4294-AF2A-671B70749753}.AppStore|iPhoneSimulator.Deploy.0 = Debug|Any CPU
		{CC3DEB3F-0C2D-4294-AF2A-671B70749753}.Debug|Any CPU.ActiveCfg = Debug|Any CPU
		{CC3DEB3F-0C2D-4294-AF2A-671B70749753}.Debug|Any CPU.Build.0 = Debug|Any CPU
		{CC3DEB3F-0C2D-4294-AF2A-671B70749753}.Debug|Any CPU.Deploy.0 = Debug|Any CPU
		{CC3DEB3F-0C2D-4294-AF2A-671B70749753}.Debug|iPhone.ActiveCfg = Debug|Any CPU
		{CC3DEB3F-0C2D-4294-AF2A-671B70749753}.Debug|iPhone.Build.0 = Debug|Any CPU
		{CC3DEB3F-0C2D-4294-AF2A-671B70749753}.Debug|iPhone.Deploy.0 = Debug|Any CPU
		{CC3DEB3F-0C2D-4294-AF2A-671B70749753}.Debug|iPhoneSimulator.ActiveCfg = Debug|Any CPU
		{CC3DEB3F-0C2D-4294-AF2A-671B70749753}.Debug|iPhoneSimulator.Build.0 = Debug|Any CPU
		{CC3DEB3F-0C2D-4294-AF2A-671B70749753}.Debug|iPhoneSimulator.Deploy.0 = Debug|Any CPU
		{CC3DEB3F-0C2D-4294-AF2A-671B70749753}.Release|Any CPU.ActiveCfg = Release|Any CPU
		{CC3DEB3F-0C2D-4294-AF2A-671B70749753}.Release|Any CPU.Build.0 = Release|Any CPU
		{CC3DEB3F-0C2D-4294-AF2A-671B70749753}.Release|Any CPU.Deploy.0 = Release|Any CPU
		{CC3DEB3F-0C2D-4294-AF2A-671B70749753}.Release|iPhone.ActiveCfg = Release|Any CPU
		{CC3DEB3F-0C2D-4294-AF2A-671B70749753}.Release|iPhone.Build.0 = Release|Any CPU
		{CC3DEB3F-0C2D-4294-AF2A-671B70749753}.Release|iPhone.Deploy.0 = Release|Any CPU
		{CC3DEB3F-0C2D-4294-AF2A-671B70749753}.Release|iPhoneSimulator.ActiveCfg = Release|Any CPU
		{CC3DEB3F-0C2D-4294-AF2A-671B70749753}.Release|iPhoneSimulator.Build.0 = Release|Any CPU
		{CC3DEB3F-0C2D-4294-AF2A-671B70749753}.Release|iPhoneSimulator.Deploy.0 = Release|Any CPU
	EndGlobalSection
	GlobalSection(SolutionProperties) = preSolution
		HideSolutionNode = FALSE
	EndGlobalSection
	GlobalSection(ExtensibilityGlobals) = postSolution
		SolutionGuid = {C5304677-5CF6-4C17-B565-E21C2B6333F6}
	EndGlobalSection
EndGlobal
